
Microsoft Visual Studio Solution File, Format Version 12.00
Project("{FAE04EC0-301F-11D3-BF4B-00C04F79EFBC}") = "labo2", "labo2\labo2.csproj", "{229B4624-4D74-4139-85C1-109376F08B4C}"
EndProject
Project("{FAE04EC0-301F-11D3-BF4B-00C04F79EFBC}") = "labo2Main", "labo2Main\labo2Main.csproj", "{AD105617-B50F-48BD-BA71-0F1D4C8B2EE3}"
EndProject
Global
	GlobalSection(SolutionConfigurationPlatforms) = preSolution
		Debug|Any CPU = Debug|Any CPU
		Release|Any CPU = Release|Any CPU
	EndGlobalSection
	GlobalSection(ProjectConfigurationPlatforms) = postSolution
		{229B4624-4D74-4139-85C1-109376F08B4C}.Debug|Any CPU.ActiveCfg = Debug|Any CPU
		{229B4624-4D74-4139-85C1-109376F08B4C}.Debug|Any CPU.Build.0 = Debug|Any CPU
		{229B4624-4D74-4139-85C1-109376F08B4C}.Release|Any CPU.ActiveCfg = Release|Any CPU
		{229B4624-4D74-4139-85C1-109376F08B4C}.Release|Any CPU.Build.0 = Release|Any CPU
		{AD105617-B50F-48BD-BA71-0F1D4C8B2EE3}.Debug|Any CPU.ActiveCfg = Debug|Any CPU
		{AD105617-B50F-48BD-BA71-0F1D4C8B2EE3}.Debug|Any CPU.Build.0 = Debug|Any CPU
		{AD105617-B50F-48BD-BA71-0F1D4C8B2EE3}.Release|Any CPU.ActiveCfg = Release|Any CPU
		{AD105617-B50F-48BD-BA71-0F1D4C8B2EE3}.Release|Any CPU.Build.0 = Release|Any CPU
	EndGlobalSection
EndGlobal
